
Microsoft Visual Studio Solution File, Format Version 12.00
# Visual Studio 15
VisualStudioVersion = 15.0.27130.2027
MinimumVisualStudioVersion = 10.0.40219.1
Project("{FAE04EC0-301F-11D3-BF4B-00C04F79EFBC}") = "CityInfo.API", "CityInfo.API\CityInfo.API.csproj", "{9FB0AE54-C147-47F2-A1E2-71D5880648FD}"
EndProject
Global
	GlobalSection(SolutionConfigurationPlatforms) = preSolution
		Debug|Any CPU = Debug|Any CPU
		Release|Any CPU = Release|Any CPU
	EndGlobalSection
	GlobalSection(ProjectConfigurationPlatforms) = postSolution
		{9FB0AE54-C147-47F2-A1E2-71D5880648FD}.Debug|Any CPU.ActiveCfg = Debug|Any CPU
		{9FB0AE54-C147-47F2-A1E2-71D5880648FD}.Debug|Any CPU.Build.0 = Debug|Any CPU
		{9FB0AE54-C147-47F2-A1E2-71D5880648FD}.Release|Any CPU.ActiveCfg = Release|Any CPU
		{9FB0AE54-C147-47F2-A1E2-71D5880648FD}.Release|Any CPU.Build.0 = Release|Any CPU
	EndGlobalSection
	GlobalSection(SolutionProperties) = preSolution
		HideSolutionNode = FALSE
	EndGlobalSection
	GlobalSection(ExtensibilityGlobals) = postSolution
		SolutionGuid = {02B0E41D-FC57-45FE-B65D-946E14C597E1}
	EndGlobalSection
EndGlobal
